// !$*UTF8*$!
{
	archiveVersion = 1;
	classes = {
	};
	objectVersion = 56;
	objects = {

/* Begin PBXBuildFile section */
		A0177AB82C6BFD21005051A9 /* AppDelegate.swift in Sources */ = {isa = PBXBuildFile; fileRef = A0177AB72C6BFD21005051A9 /* AppDelegate.swift */; };
		A0177ABA2C6BFD21005051A9 /* SceneDelegate.swift in Sources */ = {isa = PBXBuildFile; fileRef = A0177AB92C6BFD21005051A9 /* SceneDelegate.swift */; };
		A0177ABC2C6BFD21005051A9 /* NotesListController.swift in Sources */ = {isa = PBXBuildFile; fileRef = A0177ABB2C6BFD21005051A9 /* NotesListController.swift */; };
		A0177AC12C6BFD23005051A9 /* Assets.xcassets in Resources */ = {isa = PBXBuildFile; fileRef = A0177AC02C6BFD23005051A9 /* Assets.xcassets */; };
		A0177AC42C6BFD23005051A9 /* LaunchScreen.storyboard in Resources */ = {isa = PBXBuildFile; fileRef = A0177AC22C6BFD23005051A9 /* LaunchScreen.storyboard */; };
		A0177ACD2C6CA526005051A9 /* NotesListView.swift in Sources */ = {isa = PBXBuildFile; fileRef = A0177ACC2C6CA526005051A9 /* NotesListView.swift */; };
		A0177AF32C6E14E6005051A9 /* NoteCell.swift in Sources */ = {isa = PBXBuildFile; fileRef = A0177AF22C6E14E6005051A9 /* NoteCell.swift */; };
		A0177AF62C70C720005051A9 /* NoteDetailController.swift in Sources */ = {isa = PBXBuildFile; fileRef = A0177AF52C70C720005051A9 /* NoteDetailController.swift */; };
		A0177AF82C72543E005051A9 /* NoteDetailView.swift in Sources */ = {isa = PBXBuildFile; fileRef = A0177AF72C72543E005051A9 /* NoteDetailView.swift */; };
		A0177AFB2C75F931005051A9 /* NoteListModel.swift in Sources */ = {isa = PBXBuildFile; fileRef = A0177AFA2C75F931005051A9 /* NoteListModel.swift */; };
		A0177B002C7CD004005051A9 /* NoteDetailModel.swift in Sources */ = {isa = PBXBuildFile; fileRef = A0177AFF2C7CD004005051A9 /* NoteDetailModel.swift */; };
/* End PBXBuildFile section */

/* Begin PBXFileReference section */
		A0177AB42C6BFD21005051A9 /* MyNotes.app */ = {isa = PBXFileReference; explicitFileType = wrapper.application; includeInIndex = 0; path = MyNotes.app; sourceTree = BUILT_PRODUCTS_DIR; };
		A0177AB72C6BFD21005051A9 /* AppDelegate.swift */ = {isa = PBXFileReference; lastKnownFileType = sourcecode.swift; path = AppDelegate.swift; sourceTree = "<group>"; };
		A0177AB92C6BFD21005051A9 /* SceneDelegate.swift */ = {isa = PBXFileReference; lastKnownFileType = sourcecode.swift; path = SceneDelegate.swift; sourceTree = "<group>"; };
		A0177ABB2C6BFD21005051A9 /* NotesListController.swift */ = {isa = PBXFileReference; lastKnownFileType = sourcecode.swift; path = NotesListController.swift; sourceTree = "<group>"; };
		A0177AC02C6BFD23005051A9 /* Assets.xcassets */ = {isa = PBXFileReference; lastKnownFileType = folder.assetcatalog; path = Assets.xcassets; sourceTree = "<group>"; };
		A0177AC32C6BFD23005051A9 /* Base */ = {isa = PBXFileReference; lastKnownFileType = file.storyboard; name = Base; path = Base.lproj/LaunchScreen.storyboard; sourceTree = "<group>"; };
		A0177AC52C6BFD23005051A9 /* Info.plist */ = {isa = PBXFileReference; lastKnownFileType = text.plist.xml; path = Info.plist; sourceTree = "<group>"; };
		A0177ACC2C6CA526005051A9 /* NotesListView.swift */ = {isa = PBXFileReference; lastKnownFileType = sourcecode.swift; path = NotesListView.swift; sourceTree = "<group>"; };
		A0177AF22C6E14E6005051A9 /* NoteCell.swift */ = {isa = PBXFileReference; lastKnownFileType = sourcecode.swift; path = NoteCell.swift; sourceTree = "<group>"; };
		A0177AF52C70C720005051A9 /* NoteDetailController.swift */ = {isa = PBXFileReference; lastKnownFileType = sourcecode.swift; path = NoteDetailController.swift; sourceTree = "<group>"; };
		A0177AF72C72543E005051A9 /* NoteDetailView.swift */ = {isa = PBXFileReference; lastKnownFileType = sourcecode.swift; path = NoteDetailView.swift; sourceTree = "<group>"; };
		A0177AFA2C75F931005051A9 /* NoteListModel.swift */ = {isa = PBXFileReference; lastKnownFileType = sourcecode.swift; path = NoteListModel.swift; sourceTree = "<group>"; };
		A0177AFF2C7CD004005051A9 /* NoteDetailModel.swift */ = {isa = PBXFileReference; lastKnownFileType = sourcecode.swift; path = NoteDetailModel.swift; sourceTree = "<group>"; };
/* End PBXFileReference section */

/* Begin PBXFrameworksBuildPhase section */
		A0177AB12C6BFD21005051A9 /* Frameworks */ = {
			isa = PBXFrameworksBuildPhase;
			buildActionMask = 2147483647;
			files = (
			);
			runOnlyForDeploymentPostprocessing = 0;
		};
/* End PBXFrameworksBuildPhase section */

/* Begin PBXGroup section */
		A0177AAB2C6BFD21005051A9 = {
			isa = PBXGroup;
			children = (
				A0177AB62C6BFD21005051A9 /* MyNotes */,
				A0177AB52C6BFD21005051A9 /* Products */,
			);
			sourceTree = "<group>";
		};
		A0177AB52C6BFD21005051A9 /* Products */ = {
			isa = PBXGroup;
			children = (
				A0177AB42C6BFD21005051A9 /* MyNotes.app */,
			);
			name = Products;
			sourceTree = "<group>";
		};
		A0177AB62C6BFD21005051A9 /* MyNotes */ = {
			isa = PBXGroup;
			children = (
				A0177AFC2C7CC3E5005051A9 /* NotesList */,
				A0177AFD2C7CC3F5005051A9 /* NotesDetail */,
				A0177AB72C6BFD21005051A9 /* AppDelegate.swift */,
				A0177AB92C6BFD21005051A9 /* SceneDelegate.swift */,
				A0177AC02C6BFD23005051A9 /* Assets.xcassets */,
				A0177AC22C6BFD23005051A9 /* LaunchScreen.storyboard */,
				A0177AC52C6BFD23005051A9 /* Info.plist */,
			);
			path = MyNotes;
			sourceTree = "<group>";
		};
		A0177ACB2C6CA500005051A9 /* Views */ = {
			isa = PBXGroup;
			children = (
				A0177ACC2C6CA526005051A9 /* NotesListView.swift */,
				A0177AEF2C6E11FD005051A9 /* Cell */,
			);
			path = Views;
			sourceTree = "<group>";
		};
		A0177AEF2C6E11FD005051A9 /* Cell */ = {
			isa = PBXGroup;
			children = (
				A0177AF22C6E14E6005051A9 /* NoteCell.swift */,
			);
			path = Cell;
			sourceTree = "<group>";
		};
		A0177AF42C70C6FB005051A9 /* Controllers */ = {
			isa = PBXGroup;
			children = (
				A0177ABB2C6BFD21005051A9 /* NotesListController.swift */,
			);
			path = Controllers;
			sourceTree = "<group>";
		};
		A0177AF92C75F90B005051A9 /* Model */ = {
			isa = PBXGroup;
			children = (
				A0177AFA2C75F931005051A9 /* NoteListModel.swift */,
			);
			path = Model;
			sourceTree = "<group>";
		};
		A0177AFC2C7CC3E5005051A9 /* NotesList */ = {
			isa = PBXGroup;
			children = (
				A0177AF92C75F90B005051A9 /* Model */,
				A0177ACB2C6CA500005051A9 /* Views */,
				A0177AF42C70C6FB005051A9 /* Controllers */,
			);
			path = NotesList;
			sourceTree = "<group>";
		};
		A0177AFD2C7CC3F5005051A9 /* NotesDetail */ = {
			isa = PBXGroup;
			children = (
				A0177AFF2C7CD004005051A9 /* NoteDetailModel.swift */,
				A0177AF72C72543E005051A9 /* NoteDetailView.swift */,
				A0177AF52C70C720005051A9 /* NoteDetailController.swift */,
			);
			path = NotesDetail;
			sourceTree = "<group>";
		};
/* End PBXGroup section */

/* Begin PBXNativeTarget section */
		A0177AB32C6BFD21005051A9 /* MyNotes */ = {
			isa = PBXNativeTarget;
			buildConfigurationList = A0177AC82C6BFD23005051A9 /* Build configuration list for PBXNativeTarget "MyNotes" */;
			buildPhases = (
				A0177AB02C6BFD21005051A9 /* Sources */,
				A0177AB12C6BFD21005051A9 /* Frameworks */,
				A0177AB22C6BFD21005051A9 /* Resources */,
			);
			buildRules = (
			);
			dependencies = (
			);
			name = MyNotes;
			productName = MyNotes;
			productReference = A0177AB42C6BFD21005051A9 /* MyNotes.app */;
			productType = "com.apple.product-type.application";
		};
/* End PBXNativeTarget section */

/* Begin PBXProject section */
		A0177AAC2C6BFD21005051A9 /* Project object */ = {
			isa = PBXProject;
			attributes = {
				BuildIndependentTargetsInParallel = 1;
				LastSwiftUpdateCheck = 1500;
				LastUpgradeCheck = 1500;
				TargetAttributes = {
					A0177AB32C6BFD21005051A9 = {
						CreatedOnToolsVersion = 15.0.1;
					};
				};
			};
			buildConfigurationList = A0177AAF2C6BFD21005051A9 /* Build configuration list for PBXProject "MyNotes" */;
			compatibilityVersion = "Xcode 14.0";
			developmentRegion = en;
			hasScannedForEncodings = 0;
			knownRegions = (
				en,
				Base,
			);
			mainGroup = A0177AAB2C6BFD21005051A9;
			productRefGroup = A0177AB52C6BFD21005051A9 /* Products */;
			projectDirPath = "";
			projectRoot = "";
			targets = (
				A0177AB32C6BFD21005051A9 /* MyNotes */,
			);
		};
/* End PBXProject section */

/* Begin PBXResourcesBuildPhase section */
		A0177AB22C6BFD21005051A9 /* Resources */ = {
			isa = PBXResourcesBuildPhase;
			buildActionMask = 2147483647;
			files = (
				A0177AC42C6BFD23005051A9 /* LaunchScreen.storyboard in Resources */,
				A0177AC12C6BFD23005051A9 /* Assets.xcassets in Resources */,
			);
			runOnlyForDeploymentPostprocessing = 0;
		};
/* End PBXResourcesBuildPhase section */

/* Begin PBXSourcesBuildPhase section */
		A0177AB02C6BFD21005051A9 /* Sources */ = {
			isa = PBXSourcesBuildPhase;
			buildActionMask = 2147483647;
			files = (
				A0177ACD2C6CA526005051A9 /* NotesListView.swift in Sources */,
				A0177AFB2C75F931005051A9 /* NoteListModel.swift in Sources */,
				A0177ABC2C6BFD21005051A9 /* NotesListController.swift in Sources */,
				A0177AF32C6E14E6005051A9 /* NoteCell.swift in Sources */,
				A0177AB82C6BFD21005051A9 /* AppDelegate.swift in Sources */,
				A0177AF62C70C720005051A9 /* NoteDetailController.swift in Sources */,
				A0177ABA2C6BFD21005051A9 /* SceneDelegate.swift in Sources */,
				A0177AF82C72543E005051A9 /* NoteDetailView.swift in Sources */,
				A0177B002C7CD004005051A9 /* NoteDetailModel.swift in Sources */,
			);
			runOnlyForDeploymentPostprocessing = 0;
		};
/* End PBXSourcesBuildPhase section */

/* Begin PBXVariantGroup section */
		A0177AC22C6BFD23005051A9 /* LaunchScreen.storyboard */ = {
			isa = PBXVariantGroup;
			children = (
				A0177AC32C6BFD23005051A9 /* Base */,
			);
			name = LaunchScreen.storyboard;
			sourceTree = "<group>";
		};
/* End PBXVariantGroup section */

/* Begin XCBuildConfiguration section */
		A0177AC62C6BFD23005051A9 /* Debug */ = {
			isa = XCBuildConfiguration;
			buildSettings = {
				ALWAYS_SEARCH_USER_PATHS = NO;
				ASSETCATALOG_COMPILER_GENERATE_SWIFT_ASSET_SYMBOL_EXTENSIONS = YES;
				CLANG_ANALYZER_NONNULL = YES;
				CLANG_ANALYZER_NUMBER_OBJECT_CONVERSION = YES_AGGRESSIVE;
				CLANG_CXX_LANGUAGE_STANDARD = "gnu++20";
				CLANG_ENABLE_MODULES = YES;
				CLANG_ENABLE_OBJC_ARC = YES;
				CLANG_ENABLE_OBJC_WEAK = YES;
				CLANG_WARN_BLOCK_CAPTURE_AUTORELEASING = YES;
				CLANG_WARN_BOOL_CONVERSION = YES;
				CLANG_WARN_COMMA = YES;
				CLANG_WARN_CONSTANT_CONVERSION = YES;
				CLANG_WARN_DEPRECATED_OBJC_IMPLEMENTATIONS = YES;
				CLANG_WARN_DIRECT_OBJC_ISA_USAGE = YES_ERROR;
				CLANG_WARN_DOCUMENTATION_COMMENTS = YES;
				CLANG_WARN_EMPTY_BODY = YES;
				CLANG_WARN_ENUM_CONVERSION = YES;
				CLANG_WARN_INFINITE_RECURSION = YES;
				CLANG_WARN_INT_CONVERSION = YES;
				CLANG_WARN_NON_LITERAL_NULL_CONVERSION = YES;
				CLANG_WARN_OBJC_IMPLICIT_RETAIN_SELF = YES;
				CLANG_WARN_OBJC_LITERAL_CONVERSION = YES;
				CLANG_WARN_OBJC_ROOT_CLASS = YES_ERROR;
				CLANG_WARN_QUOTED_INCLUDE_IN_FRAMEWORK_HEADER = YES;
				CLANG_WARN_RANGE_LOOP_ANALYSIS = YES;
				CLANG_WARN_STRICT_PROTOTYPES = YES;
				CLANG_WARN_SUSPICIOUS_MOVE = YES;
				CLANG_WARN_UNGUARDED_AVAILABILITY = YES_AGGRESSIVE;
				CLANG_WARN_UNREACHABLE_CODE = YES;
				CLANG_WARN__DUPLICATE_METHOD_MATCH = YES;
				COPY_PHASE_STRIP = NO;
				DEBUG_INFORMATION_FORMAT = dwarf;
				ENABLE_STRICT_OBJC_MSGSEND = YES;
				ENABLE_TESTABILITY = YES;
				ENABLE_USER_SCRIPT_SANDBOXING = YES;
				GCC_C_LANGUAGE_STANDARD = gnu17;
				GCC_DYNAMIC_NO_PIC = NO;
				GCC_NO_COMMON_BLOCKS = YES;
				GCC_OPTIMIZATION_LEVEL = 0;
				GCC_PREPROCESSOR_DEFINITIONS = (
					"DEBUG=1",
					"$(inherited)",
				);
				GCC_WARN_64_TO_32_BIT_CONVERSION = YES;
				GCC_WARN_ABOUT_RETURN_TYPE = YES_ERROR;
				GCC_WARN_UNDECLARED_SELECTOR = YES;
				GCC_WARN_UNINITIALIZED_AUTOS = YES_AGGRESSIVE;
				GCC_WARN_UNUSED_FUNCTION = YES;
				GCC_WARN_UNUSED_VARIABLE = YES;
				IPHONEOS_DEPLOYMENT_TARGET = 17.0;
				LOCALIZATION_PREFERS_STRING_CATALOGS = YES;
				MTL_ENABLE_DEBUG_INFO = INCLUDE_SOURCE;
				MTL_FAST_MATH = YES;
				ONLY_ACTIVE_ARCH = YES;
				SDKROOT = iphoneos;
				SWIFT_ACTIVE_COMPILATION_CONDITIONS = "DEBUG $(inherited)";
				SWIFT_OPTIMIZATION_LEVEL = "-Onone";
			};
			name = Debug;
		};
		A0177AC72C6BFD23005051A9 /* Release */ = {
			isa = XCBuildConfiguration;
			buildSettings = {
				ALWAYS_SEARCH_USER_PATHS = NO;
				ASSETCATALOG_COMPILER_GENERATE_SWIFT_ASSET_SYMBOL_EXTENSIONS = YES;
				CLANG_ANALYZER_NONNULL = YES;
				CLANG_ANALYZER_NUMBER_OBJECT_CONVERSION = YES_AGGRESSIVE;
				CLANG_CXX_LANGUAGE_STANDARD = "gnu++20";
				CLANG_ENABLE_MODULES = YES;
				CLANG_ENABLE_OBJC_ARC = YES;
				CLANG_ENABLE_OBJC_WEAK = YES;
				CLANG_WARN_BLOCK_CAPTURE_AUTORELEASING = YES;
				CLANG_WARN_BOOL_CONVERSION = YES;
				CLANG_WARN_COMMA = YES;
				CLANG_WARN_CONSTANT_CONVERSION = YES;
				CLANG_WARN_DEPRECATED_OBJC_IMPLEMENTATIONS = YES;
				CLANG_WARN_DIRECT_OBJC_ISA_USAGE = YES_ERROR;
				CLANG_WARN_DOCUMENTATION_COMMENTS = YES;
				CLANG_WARN_EMPTY_BODY = YES;
				CLANG_WARN_ENUM_CONVERSION = YES;
				CLANG_WARN_INFINITE_RECURSION = YES;
				CLANG_WARN_INT_CONVERSION = YES;
				CLANG_WARN_NON_LITERAL_NULL_CONVERSION = YES;
				CLANG_WARN_OBJC_IMPLICIT_RETAIN_SELF = YES;
				CLANG_WARN_OBJC_LITERAL_CONVERSION = YES;
				CLANG_WARN_OBJC_ROOT_CLASS = YES_ERROR;
				CLANG_WARN_QUOTED_INCLUDE_IN_FRAMEWORK_HEADER = YES;
				CLANG_WARN_RANGE_LOOP_ANALYSIS = YES;
				CLANG_WARN_STRICT_PROTOTYPES = YES;
				CLANG_WARN_SUSPICIOUS_MOVE = YES;
				CLANG_WARN_UNGUARDED_AVAILABILITY = YES_AGGRESSIVE;
				CLANG_WARN_UNREACHABLE_CODE = YES;
				CLANG_WARN__DUPLICATE_METHOD_MATCH = YES;
				COPY_PHASE_STRIP = NO;
				DEBUG_INFORMATION_FORMAT = "dwarf-with-dsym";
				ENABLE_NS_ASSERTIONS = NO;
				ENABLE_STRICT_OBJC_MSGSEND = YES;
				ENABLE_USER_SCRIPT_SANDBOXING = YES;
				GCC_C_LANGUAGE_STANDARD = gnu17;
				GCC_NO_COMMON_BLOCKS = YES;
				GCC_WARN_64_TO_32_BIT_CONVERSION = YES;
				GCC_WARN_ABOUT_RETURN_TYPE = YES_ERROR;
				GCC_WARN_UNDECLARED_SELECTOR = YES;
				GCC_WARN_UNINITIALIZED_AUTOS = YES_AGGRESSIVE;
				GCC_WARN_UNUSED_FUNCTION = YES;
				GCC_WARN_UNUSED_VARIABLE = YES;
				IPHONEOS_DEPLOYMENT_TARGET = 17.0;
				LOCALIZATION_PREFERS_STRING_CATALOGS = YES;
				MTL_ENABLE_DEBUG_INFO = NO;
				MTL_FAST_MATH = YES;
				SDKROOT = iphoneos;
				SWIFT_COMPILATION_MODE = wholemodule;
				VALIDATE_PRODUCT = YES;
			};
			name = Release;
		};
		A0177AC92C6BFD23005051A9 /* Debug */ = {
			isa = XCBuildConfiguration;
			buildSettings = {
				ASSETCATALOG_COMPILER_APPICON_NAME = AppIcon;
				ASSETCATALOG_COMPILER_GLOBAL_ACCENT_COLOR_NAME = AccentColor;
				CODE_SIGN_STYLE = Automatic;
				CURRENT_PROJECT_VERSION = 1;
				GENERATE_INFOPLIST_FILE = YES;
				INFOPLIST_FILE = MyNotes/Info.plist;
				INFOPLIST_KEY_UIApplicationSupportsIndirectInputEvents = YES;
				INFOPLIST_KEY_UILaunchStoryboardName = LaunchScreen;
				INFOPLIST_KEY_UISupportedInterfaceOrientations_iPad = "UIInterfaceOrientationPortrait UIInterfaceOrientationPortraitUpsideDown UIInterfaceOrientationLandscapeLeft UIInterfaceOrientationLandscapeRight";
				INFOPLIST_KEY_UISupportedInterfaceOrientations_iPhone = "UIInterfaceOrientationPortrait UIInterfaceOrientationLandscapeLeft UIInterfaceOrientationLandscapeRight";
				LD_RUNPATH_SEARCH_PATHS = (
					"$(inherited)",
					"@executable_path/Frameworks",
				);
				MARKETING_VERSION = 1.0;
				PRODUCT_BUNDLE_IDENTIFIER = ru.disaev.MyNotes;
				PRODUCT_NAME = "$(TARGET_NAME)";
				SWIFT_EMIT_LOC_STRINGS = YES;
				SWIFT_VERSION = 5.0;
				TARGETED_DEVICE_FAMILY = "1,2";
			};
			name = Debug;
		};
		A0177ACA2C6BFD23005051A9 /* Release */ = {
			isa = XCBuildConfiguration;
			buildSettings = {
				ASSETCATALOG_COMPILER_APPICON_NAME = AppIcon;
				ASSETCATALOG_COMPILER_GLOBAL_ACCENT_COLOR_NAME = AccentColor;
				CODE_SIGN_STYLE = Automatic;
				CURRENT_PROJECT_VERSION = 1;
				GENERATE_INFOPLIST_FILE = YES;
				INFOPLIST_FILE = MyNotes/Info.plist;
				INFOPLIST_KEY_UIApplicationSupportsIndirectInputEvents = YES;
				INFOPLIST_KEY_UILaunchStoryboardName = LaunchScreen;
				INFOPLIST_KEY_UISupportedInterfaceOrientations_iPad = "UIInterfaceOrientationPortrait UIInterfaceOrientationPortraitUpsideDown UIInterfaceOrientationLandscapeLeft UIInterfaceOrientationLandscapeRight";
				INFOPLIST_KEY_UISupportedInterfaceOrientations_iPhone = "UIInterfaceOrientationPortrait UIInterfaceOrientationLandscapeLeft UIInterfaceOrientationLandscapeRight";
				LD_RUNPATH_SEARCH_PATHS = (
					"$(inherited)",
					"@executable_path/Frameworks",
				);
				MARKETING_VERSION = 1.0;
				PRODUCT_BUNDLE_IDENTIFIER = ru.disaev.MyNotes;
				PRODUCT_NAME = "$(TARGET_NAME)";
				SWIFT_EMIT_LOC_STRINGS = YES;
				SWIFT_VERSION = 5.0;
				TARGETED_DEVICE_FAMILY = "1,2";
			};
			name = Release;
		};
/* End XCBuildConfiguration section */

/* Begin XCConfigurationList section */
		A0177AAF2C6BFD21005051A9 /* Build configuration list for PBXProject "MyNotes" */ = {
			isa = XCConfigurationList;
			buildConfigurations = (
				A0177AC62C6BFD23005051A9 /* Debug */,
				A0177AC72C6BFD23005051A9 /* Release */,
			);
			defaultConfigurationIsVisible = 0;
			defaultConfigurationName = Release;
		};
		A0177AC82C6BFD23005051A9 /* Build configuration list for PBXNativeTarget "MyNotes" */ = {
			isa = XCConfigurationList;
			buildConfigurations = (
				A0177AC92C6BFD23005051A9 /* Debug */,
				A0177ACA2C6BFD23005051A9 /* Release */,
			);
			defaultConfigurationIsVisible = 0;
			defaultConfigurationName = Release;
		};
/* End XCConfigurationList section */
	};
	rootObject = A0177AAC2C6BFD21005051A9 /* Project object */;
}
